
Microsoft Visual Studio Solution File, Format Version 12.00
Project("{FAE04EC0-301F-11D3-BF4B-00C04F79EFBC}") = "Question_1", "Question_1\Question_1.csproj", "{750290F3-B2A8-48A7-A292-59EC288693A0}"
EndProject
Global
	GlobalSection(SolutionConfigurationPlatforms) = preSolution
		Debug|Any CPU = Debug|Any CPU
		Release|Any CPU = Release|Any CPU
	EndGlobalSection
	GlobalSection(ProjectConfigurationPlatforms) = postSolution
		{750290F3-B2A8-48A7-A292-59EC288693A0}.Debug|Any CPU.ActiveCfg = Debug|Any CPU
		{750290F3-B2A8-48A7-A292-59EC288693A0}.Debug|Any CPU.Build.0 = Debug|Any CPU
		{750290F3-B2A8-48A7-A292-59EC288693A0}.Release|Any CPU.ActiveCfg = Release|Any CPU
		{750290F3-B2A8-48A7-A292-59EC288693A0}.Release|Any CPU.Build.0 = Release|Any CPU
	EndGlobalSection
EndGlobal
